<?xml version="1.0" encoding="utf-8"?>
<Project ToolsVersion="4.0" xmlns="http://schemas.microsoft.com/developer/msbuild/2003">
  <ItemGroup>
    <Filter Include="소스 파일">
      <UniqueIdentifier>{4FC737F1-C7A5-4376-A066-2A32D752A2FF}</UniqueIdentifier>
      <Extensions>cpp;c;cc;cxx;c++;cppm;ixx;def;odl;idl;hpj;bat;asm;asmx</Extensions>
    </Filter>
    <Filter Include="헤더 파일">
      <UniqueIdentifier>{93995380-89BD-4b04-88EB-625FBE52EBFB}</UniqueIdentifier>
      <Extensions>h;hh;hpp;hxx;h++;hm;inl;inc;ipp;xsd</Extensions>
    </Filter>
    <Filter Include="리소스 파일">
      <UniqueIdentifier>{67DA6AB6-F800-4c08-8B7A-83BB121AAD01}</UniqueIdentifier>
      <Extensions>rc;ico;cur;bmp;dlg;rc2;rct;bin;rgs;gif;jpg;jpeg;jpe;resx;tiff;tif;png;wav;mfcribbon-ms</Extensions>
    </Filter>
    <Filter Include="소스 파일\Texture">
      <UniqueIdentifier>{3ed6bda8-4b92-43ce-a441-7b8624f72b8d}</UniqueIdentifier>
    </Filter>
    <Filter Include="소스 파일\Core">
      <UniqueIdentifier>{dc267ddd-d3bd-42fc-aba3-f21d50daa47c}</UniqueIdentifier>
    </Filter>
    <Filter Include="소스 파일\Global">
      <UniqueIdentifier>{71a2d3a7-f5be-4f3e-99d9-e921251d9c13}</UniqueIdentifier>
    </Filter>
    <Filter Include="소스 파일\Object">
      <UniqueIdentifier>{17ca87b7-e460-4640-a562-28a9ef4241a2}</UniqueIdentifier>
    </Filter>
    <Filter Include="소스 파일\Stage">
      <UniqueIdentifier>{45e687c5-66f9-4364-92a2-ec821a849ee3}</UniqueIdentifier>
    </Filter>
    <Filter Include="소스 파일\Texture\Effect">
      <UniqueIdentifier>{18dcff59-5e52-466d-92ec-87b96ee6a914}</UniqueIdentifier>
    </Filter>
    <Filter Include="소스 파일\Texture\Animation">
      <UniqueIdentifier>{4bae1c86-7e2c-4384-a0af-bd92258810f6}</UniqueIdentifier>
    </Filter>
    <Filter Include="헤더 파일\Object">
      <UniqueIdentifier>{0e2cf9be-d3c4-47f4-a36b-227fbafff4de}</UniqueIdentifier>
    </Filter>
    <Filter Include="헤더 파일\Texture">
      <UniqueIdentifier>{ab1e247a-14d4-47c7-944f-efdf25b77238}</UniqueIdentifier>
    </Filter>
    <Filter Include="헤더 파일\Core">
      <UniqueIdentifier>{c22feb20-7889-4358-bc85-d39a3492184e}</UniqueIdentifier>
    </Filter>
    <Filter Include="헤더 파일\Global">
      <UniqueIdentifier>{b9f51654-8d67-487f-94e0-ae19692f0782}</UniqueIdentifier>
    </Filter>
    <Filter Include="헤더 파일\UI">
      <UniqueIdentifier>{16342a92-65df-41e4-bb9f-77d659511633}</UniqueIdentifier>
    </Filter>
    <Filter Include="헤더 파일\Stage">
      <UniqueIdentifier>{e856f76c-55bc-4400-aaad-1ece5abc0f7b}</UniqueIdentifier>
    </Filter>
    <Filter Include="헤더 파일\Object\Monster">
      <UniqueIdentifier>{cac6ac19-0eaa-4e2a-9ecf-dd6a47352993}</UniqueIdentifier>
    </Filter>
    <Filter Include="헤더 파일\Object\Player">
      <UniqueIdentifier>{f483f6d6-4b18-42fc-9b0b-9b2e954d38d0}</UniqueIdentifier>
    </Filter>
    <Filter Include="헤더 파일\Object\Barigate">
      <UniqueIdentifier>{b7be7e98-f6cc-475b-a48d-12e5b10cccfc}</UniqueIdentifier>
    </Filter>
    <Filter Include="헤더 파일\Object\Bullet">
      <UniqueIdentifier>{91b966b2-bbfa-4302-b24c-c19dfdf6c2b7}</UniqueIdentifier>
    </Filter>
    <Filter Include="헤더 파일\Texture\Animation">
      <UniqueIdentifier>{c0cff6e3-28d8-40f4-bf58-bf4de8cd6ddf}</UniqueIdentifier>
    </Filter>
    <Filter Include="헤더 파일\Texture\Effect">
      <UniqueIdentifier>{b45f57af-85ae-49a3-bbaf-9478d1bcd495}</UniqueIdentifier>
    </Filter>
    <Filter Include="소스 파일\Object\Monster">
      <UniqueIdentifier>{5d77c991-4472-47bc-8217-93e6d614e364}</UniqueIdentifier>
    </Filter>
    <Filter Include="소스 파일\Object\Barigate">
      <UniqueIdentifier>{46a17435-4f6a-4c29-ba61-6e4a7d4d87e8}</UniqueIdentifier>
    </Filter>
    <Filter Include="소스 파일\Object\Bullet">
      <UniqueIdentifier>{d3434033-2628-460c-a9a7-f63e5060be89}</UniqueIdentifier>
    </Filter>
    <Filter Include="소스 파일\Object\Player">
      <UniqueIdentifier>{92eab713-5bd7-4741-8a45-412dc43c4661}</UniqueIdentifier>
    </Filter>
  </ItemGroup>
  <ItemGroup>
    <ClInclude Include="FinalProject-2.h">
      <Filter>헤더 파일</Filter>
    </ClInclude>
    <ClInclude Include="MoveObject.h">
      <Filter>헤더 파일\Object</Filter>
    </ClInclude>
    <ClInclude Include="Object.h">
      <Filter>헤더 파일\Object</Filter>
    </ClInclude>
    <ClInclude Include="TextureManager.h">
      <Filter>헤더 파일\Texture</Filter>
    </ClInclude>
    <ClInclude Include="Resource.h">
      <Filter>헤더 파일\Core</Filter>
    </ClInclude>
    <ClInclude Include="targetver.h">
      <Filter>헤더 파일\Core</Filter>
    </ClInclude>
    <ClInclude Include="framework.h">
      <Filter>헤더 파일\Core</Filter>
    </ClInclude>
    <ClInclude Include="GameFrame.h">
      <Filter>헤더 파일\Core</Filter>
    </ClInclude>
    <ClInclude Include="Timer.h">
      <Filter>헤더 파일\Core</Filter>
    </ClInclude>
    <ClInclude Include="Global.h">
      <Filter>헤더 파일\Global</Filter>
    </ClInclude>
    <ClInclude Include="Structures.h">
      <Filter>헤더 파일\Global</Filter>
    </ClInclude>
    <ClInclude Include="Hpbar.h">
      <Filter>헤더 파일\UI</Filter>
    </ClInclude>
    <ClInclude Include="Stage.h">
      <Filter>헤더 파일\Stage</Filter>
    </ClInclude>
    <ClInclude Include="Input.h">
      <Filter>헤더 파일\Global</Filter>
    </ClInclude>
    <ClInclude Include="BadOrange.h">
      <Filter>헤더 파일\Object\Monster</Filter>
    </ClInclude>
    <ClInclude Include="Monster.h">
      <Filter>헤더 파일\Object\Monster</Filter>
    </ClInclude>
    <ClInclude Include="Slime.h">
      <Filter>헤더 파일\Object\Monster</Filter>
    </ClInclude>
    <ClInclude Include="Bullet.h">
      <Filter>헤더 파일\Object\Bullet</Filter>
    </ClInclude>
    <ClInclude Include="Barigate.h">
      <Filter>헤더 파일\Object\Barigate</Filter>
    </ClInclude>
    <ClInclude Include="Player.h">
      <Filter>헤더 파일\Object\Player</Filter>
    </ClInclude>
    <ClInclude Include="Animation.h">
      <Filter>헤더 파일\Texture\Animation</Filter>
    </ClInclude>
    <ClInclude Include="AnimationClip.h">
      <Filter>헤더 파일\Texture\Animation</Filter>
    </ClInclude>
    <ClInclude Include="AnimationManager.h">
      <Filter>헤더 파일\Texture\Animation</Filter>
    </ClInclude>
    <ClInclude Include="Effect.h">
      <Filter>헤더 파일\Texture\Effect</Filter>
    </ClInclude>
    <ClInclude Include="EffectManager.h">
      <Filter>헤더 파일\Texture\Effect</Filter>
    </ClInclude>
    <ClInclude Include="Boss.h">
      <Filter>헤더 파일</Filter>
    </ClInclude>
    <ClInclude Include="Portal.h">
      <Filter>헤더 파일</Filter>
    </ClInclude>
    <ClInclude Include="Button.h">
      <Filter>헤더 파일</Filter>
    </ClInclude>
    <ClInclude Include="Server.h">
      <Filter>헤더 파일</Filter>
    </ClInclude>
  </ItemGroup>
  <ItemGroup>
    <ClCompile Include="FinalProject-2.cpp">
      <Filter>소스 파일</Filter>
    </ClCompile>
    <ClCompile Include="TextureManager.cpp">
      <Filter>소스 파일\Texture</Filter>
    </ClCompile>
    <ClCompile Include="Timer.cpp">
      <Filter>소스 파일\Core</Filter>
    </ClCompile>
    <ClCompile Include="GameFrame.cpp">
      <Filter>소스 파일\Core</Filter>
    </ClCompile>
    <ClCompile Include="Global.cpp">
      <Filter>소스 파일\Global</Filter>
    </ClCompile>
    <ClCompile Include="Stage.cpp">
      <Filter>소스 파일\Stage</Filter>
    </ClCompile>
    <ClCompile Include="MoveObject.cpp">
      <Filter>소스 파일\Object</Filter>
    </ClCompile>
    <ClCompile Include="Animation.cpp">
      <Filter>소스 파일\Texture\Animation</Filter>
    </ClCompile>
    <ClCompile Include="AnimationClip.cpp">
      <Filter>소스 파일\Texture\Animation</Filter>
    </ClCompile>
    <ClCompile Include="AnimationManager.cpp">
      <Filter>소스 파일\Texture\Animation</Filter>
    </ClCompile>
    <ClCompile Include="Effect.cpp">
      <Filter>소스 파일\Texture\Effect</Filter>
    </ClCompile>
    <ClCompile Include="EffectManager.cpp">
      <Filter>소스 파일\Texture\Effect</Filter>
    </ClCompile>
    <ClCompile Include="Barigate.cpp">
      <Filter>소스 파일\Object\Barigate</Filter>
    </ClCompile>
    <ClCompile Include="Bullet.cpp">
      <Filter>소스 파일\Object\Bullet</Filter>
    </ClCompile>
    <ClCompile Include="BadOrange.cpp">
      <Filter>소스 파일\Object\Monster</Filter>
    </ClCompile>
    <ClCompile Include="Monster.cpp">
      <Filter>소스 파일\Object\Monster</Filter>
    </ClCompile>
    <ClCompile Include="Slime.cpp">
      <Filter>소스 파일\Object\Monster</Filter>
    </ClCompile>
    <ClCompile Include="Player.cpp">
      <Filter>소스 파일\Object\Player</Filter>
    </ClCompile>
    <ClCompile Include="Object.cpp">
      <Filter>소스 파일\Object</Filter>
    </ClCompile>
    <ClCompile Include="Boss.cpp">
      <Filter>소스 파일</Filter>
    </ClCompile>
    <ClCompile Include="Portal.cpp">
      <Filter>소스 파일</Filter>
    </ClCompile>
    <ClCompile Include="Button.cpp">
      <Filter>소스 파일</Filter>
    </ClCompile>
    <ClCompile Include="Server.cpp">
      <Filter>소스 파일</Filter>
    </ClCompile>
  </ItemGroup>
  <ItemGroup>
    <ResourceCompile Include="FinalProject-2.rc">
      <Filter>리소스 파일</Filter>
    </ResourceCompile>
  </ItemGroup>
  <ItemGroup>
    <Image Include="small.ico">
      <Filter>리소스 파일</Filter>
    </Image>
    <Image Include="FinalProject-2.ico">
      <Filter>리소스 파일</Filter>
    </Image>
  </ItemGroup>
</Project>